// !$*UTF8*$!
{
	archiveVersion = 1;
	classes = {
	};
	objectVersion = 56;
	objects = {

/* Begin PBXBuildFile section */
		8D1518142C67722600B96513 /* release_0.0.9.png in Resources */ = {isa = PBXBuildFile; fileRef = 8D1518122C67722600B96513 /* release_0.0.9.png */; };
		8D8481012C64BDF2007ACD95 /* ADSBDecode_releaseApp.swift in Sources */ = {isa = PBXBuildFile; fileRef = 8D8481002C64BDF2007ACD95 /* ADSBDecode_releaseApp.swift */; };
		8D8481032C64BDF2007ACD95 /* ContentView.swift in Sources */ = {isa = PBXBuildFile; fileRef = 8D8481022C64BDF2007ACD95 /* ContentView.swift */; };
		8D8481052C64BDF4007ACD95 /* Assets.xcassets in Resources */ = {isa = PBXBuildFile; fileRef = 8D8481042C64BDF4007ACD95 /* Assets.xcassets */; };
		8D8481082C64BDF4007ACD95 /* Preview Assets.xcassets in Resources */ = {isa = PBXBuildFile; fileRef = 8D8481072C64BDF4007ACD95 /* Preview Assets.xcassets */; };
		8D8481122C64BE96007ACD95 /* Collections in Frameworks */ = {isa = PBXBuildFile; productRef = 8D8481112C64BE96007ACD95 /* Collections */; };
		8D8481142C64BEE0007ACD95 /* NetADSBDecoder.swift in Sources */ = {isa = PBXBuildFile; fileRef = 8D8481132C64BEE0007ACD95 /* NetADSBDecoder.swift */; };
		8D8481172C64BF49007ACD95 /* NIO in Frameworks */ = {isa = PBXBuildFile; productRef = 8D8481162C64BF49007ACD95 /* NIO */; };
		8D84811B2C64BF68007ACD95 /* FlighState.swift in Sources */ = {isa = PBXBuildFile; fileRef = 8D8481182C64BF68007ACD95 /* FlighState.swift */; };
		8D84811C2C64BF68007ACD95 /* NetConfigView.swift in Sources */ = {isa = PBXBuildFile; fileRef = 8D8481192C64BF68007ACD95 /* NetConfigView.swift */; };
		8D84811D2C64BF68007ACD95 /* NetworkConfigure.swift in Sources */ = {isa = PBXBuildFile; fileRef = 8D84811A2C64BF68007ACD95 /* NetworkConfigure.swift */; };
		8D8481202C64BF95007ACD95 /* ArgumentParser in Frameworks */ = {isa = PBXBuildFile; productRef = 8D84811F2C64BF95007ACD95 /* ArgumentParser */; };
		8D8481242C64BFC6007ACD95 /* ADSBNetRunner.swift in Sources */ = {isa = PBXBuildFile; fileRef = 8D8481212C64BFC6007ACD95 /* ADSBNetRunner.swift */; };
		8D8481252C64BFC6007ACD95 /* ADSBDataQueue.swift in Sources */ = {isa = PBXBuildFile; fileRef = 8D8481222C64BFC6007ACD95 /* ADSBDataQueue.swift */; };
		8D8481262C64BFC6007ACD95 /* ADSBFileRunner.swift in Sources */ = {isa = PBXBuildFile; fileRef = 8D8481232C64BFC6007ACD95 /* ADSBFileRunner.swift */; };
		8D8481282C64BFDC007ACD95 /* AirplaneTracker.swift in Sources */ = {isa = PBXBuildFile; fileRef = 8D8481272C64BFDC007ACD95 /* AirplaneTracker.swift */; };
		8D84812A2C64BFEE007ACD95 /* PositionDecoder.swift in Sources */ = {isa = PBXBuildFile; fileRef = 8D8481292C64BFEE007ACD95 /* PositionDecoder.swift */; };
		8D84812C2C64BFFF007ACD95 /* Utils.swift in Sources */ = {isa = PBXBuildFile; fileRef = 8D84812B2C64BFFF007ACD95 /* Utils.swift */; };
		8D84812E2C64C018007ACD95 /* ADSBRegEx.swift in Sources */ = {isa = PBXBuildFile; fileRef = 8D84812D2C64C018007ACD95 /* ADSBRegEx.swift */; };
		8D8481302C64C069007ACD95 /* Configs.swift in Sources */ = {isa = PBXBuildFile; fileRef = 8D84812F2C64C069007ACD95 /* Configs.swift */; };
		8D8481322C64C081007ACD95 /* Decoder.swift in Sources */ = {isa = PBXBuildFile; fileRef = 8D8481312C64C081007ACD95 /* Decoder.swift */; };
/* End PBXBuildFile section */

/* Begin PBXFileReference section */
		8D15180D2C657DB900B96513 /* README.md */ = {isa = PBXFileReference; lastKnownFileType = net.daringfireball.markdown; path = README.md; sourceTree = "<group>"; };
		8D1518122C67722600B96513 /* release_0.0.9.png */ = {isa = PBXFileReference; lastKnownFileType = image.png; path = release_0.0.9.png; sourceTree = "<group>"; };
		8D8480FD2C64BDF2007ACD95 /* ADSBDecode_release.app */ = {isa = PBXFileReference; explicitFileType = wrapper.application; includeInIndex = 0; path = ADSBDecode_release.app; sourceTree = BUILT_PRODUCTS_DIR; };
		8D8481002C64BDF2007ACD95 /* ADSBDecode_releaseApp.swift */ = {isa = PBXFileReference; lastKnownFileType = sourcecode.swift; path = ADSBDecode_releaseApp.swift; sourceTree = "<group>"; };
		8D8481022C64BDF2007ACD95 /* ContentView.swift */ = {isa = PBXFileReference; lastKnownFileType = sourcecode.swift; path = ContentView.swift; sourceTree = "<group>"; };
		8D8481042C64BDF4007ACD95 /* Assets.xcassets */ = {isa = PBXFileReference; lastKnownFileType = folder.assetcatalog; path = Assets.xcassets; sourceTree = "<group>"; };
		8D8481072C64BDF4007ACD95 /* Preview Assets.xcassets */ = {isa = PBXFileReference; lastKnownFileType = folder.assetcatalog; path = "Preview Assets.xcassets"; sourceTree = "<group>"; };
		8D8481092C64BDF4007ACD95 /* ADSBDecode_release.entitlements */ = {isa = PBXFileReference; lastKnownFileType = text.plist.entitlements; path = ADSBDecode_release.entitlements; sourceTree = "<group>"; };
		8D8481132C64BEE0007ACD95 /* NetADSBDecoder.swift */ = {isa = PBXFileReference; fileEncoding = 4; lastKnownFileType = sourcecode.swift; path = NetADSBDecoder.swift; sourceTree = "<group>"; };
		8D8481182C64BF68007ACD95 /* FlighState.swift */ = {isa = PBXFileReference; fileEncoding = 4; lastKnownFileType = sourcecode.swift; path = FlighState.swift; sourceTree = "<group>"; };
		8D8481192C64BF68007ACD95 /* NetConfigView.swift */ = {isa = PBXFileReference; fileEncoding = 4; lastKnownFileType = sourcecode.swift; path = NetConfigView.swift; sourceTree = "<group>"; };
		8D84811A2C64BF68007ACD95 /* NetworkConfigure.swift */ = {isa = PBXFileReference; fileEncoding = 4; lastKnownFileType = sourcecode.swift; path = NetworkConfigure.swift; sourceTree = "<group>"; };
		8D8481212C64BFC6007ACD95 /* ADSBNetRunner.swift */ = {isa = PBXFileReference; fileEncoding = 4; lastKnownFileType = sourcecode.swift; path = ADSBNetRunner.swift; sourceTree = "<group>"; };
		8D8481222C64BFC6007ACD95 /* ADSBDataQueue.swift */ = {isa = PBXFileReference; fileEncoding = 4; lastKnownFileType = sourcecode.swift; path = ADSBDataQueue.swift; sourceTree = "<group>"; };
		8D8481232C64BFC6007ACD95 /* ADSBFileRunner.swift */ = {isa = PBXFileReference; fileEncoding = 4; lastKnownFileType = sourcecode.swift; path = ADSBFileRunner.swift; sourceTree = "<group>"; };
		8D8481272C64BFDC007ACD95 /* AirplaneTracker.swift */ = {isa = PBXFileReference; fileEncoding = 4; lastKnownFileType = sourcecode.swift; path = AirplaneTracker.swift; sourceTree = "<group>"; };
		8D8481292C64BFEE007ACD95 /* PositionDecoder.swift */ = {isa = PBXFileReference; fileEncoding = 4; lastKnownFileType = sourcecode.swift; path = PositionDecoder.swift; sourceTree = "<group>"; };
		8D84812B2C64BFFF007ACD95 /* Utils.swift */ = {isa = PBXFileReference; fileEncoding = 4; lastKnownFileType = sourcecode.swift; path = Utils.swift; sourceTree = "<group>"; };
		8D84812D2C64C018007ACD95 /* ADSBRegEx.swift */ = {isa = PBXFileReference; fileEncoding = 4; lastKnownFileType = sourcecode.swift; path = ADSBRegEx.swift; sourceTree = "<group>"; };
		8D84812F2C64C069007ACD95 /* Configs.swift */ = {isa = PBXFileReference; fileEncoding = 4; lastKnownFileType = sourcecode.swift; path = Configs.swift; sourceTree = "<group>"; };
		8D8481312C64C081007ACD95 /* Decoder.swift */ = {isa = PBXFileReference; fileEncoding = 4; lastKnownFileType = sourcecode.swift; path = Decoder.swift; sourceTree = "<group>"; };
/* End PBXFileReference section */

/* Begin PBXFrameworksBuildPhase section */
		8D8480FA2C64BDF2007ACD95 /* Frameworks */ = {
			isa = PBXFrameworksBuildPhase;
			buildActionMask = 2147483647;
			files = (
				8D8481202C64BF95007ACD95 /* ArgumentParser in Frameworks */,
				8D8481122C64BE96007ACD95 /* Collections in Frameworks */,
				8D8481172C64BF49007ACD95 /* NIO in Frameworks */,
			);
			runOnlyForDeploymentPostprocessing = 0;
		};
/* End PBXFrameworksBuildPhase section */

/* Begin PBXGroup section */
		8D1518132C67722600B96513 /* images */ = {
			isa = PBXGroup;
			children = (
				8D1518122C67722600B96513 /* release_0.0.9.png */,
			);
			path = images;
			sourceTree = "<group>";
		};
		8D8480F42C64BDF2007ACD95 = {
			isa = PBXGroup;
			children = (
				8D1518132C67722600B96513 /* images */,
				8D15180D2C657DB900B96513 /* README.md */,
				8D8480FF2C64BDF2007ACD95 /* ADSBDecode_release */,
				8D8480FE2C64BDF2007ACD95 /* Products */,
				8D8481102C64BE96007ACD95 /* Frameworks */,
			);
			sourceTree = "<group>";
		};
		8D8480FE2C64BDF2007ACD95 /* Products */ = {
			isa = PBXGroup;
			children = (
				8D8480FD2C64BDF2007ACD95 /* ADSBDecode_release.app */,
			);
			name = Products;
			sourceTree = "<group>";
		};
		8D8480FF2C64BDF2007ACD95 /* ADSBDecode_release */ = {
			isa = PBXGroup;
			children = (
				8D8481132C64BEE0007ACD95 /* NetADSBDecoder.swift */,
				8D8481002C64BDF2007ACD95 /* ADSBDecode_releaseApp.swift */,
				8D8481222C64BFC6007ACD95 /* ADSBDataQueue.swift */,
				8D8481232C64BFC6007ACD95 /* ADSBFileRunner.swift */,
				8D8481312C64C081007ACD95 /* Decoder.swift */,
				8D84812D2C64C018007ACD95 /* ADSBRegEx.swift */,
				8D84812B2C64BFFF007ACD95 /* Utils.swift */,
				8D84812F2C64C069007ACD95 /* Configs.swift */,
				8D8481292C64BFEE007ACD95 /* PositionDecoder.swift */,
				8D8481212C64BFC6007ACD95 /* ADSBNetRunner.swift */,
				8D8481272C64BFDC007ACD95 /* AirplaneTracker.swift */,
				8D8481022C64BDF2007ACD95 /* ContentView.swift */,
				8D8481182C64BF68007ACD95 /* FlighState.swift */,
				8D8481192C64BF68007ACD95 /* NetConfigView.swift */,
				8D84811A2C64BF68007ACD95 /* NetworkConfigure.swift */,
				8D8481042C64BDF4007ACD95 /* Assets.xcassets */,
				8D8481092C64BDF4007ACD95 /* ADSBDecode_release.entitlements */,
				8D8481062C64BDF4007ACD95 /* Preview Content */,
			);
			path = ADSBDecode_release;
			sourceTree = "<group>";
		};
		8D8481062C64BDF4007ACD95 /* Preview Content */ = {
			isa = PBXGroup;
			children = (
				8D8481072C64BDF4007ACD95 /* Preview Assets.xcassets */,
			);
			path = "Preview Content";
			sourceTree = "<group>";
		};
		8D8481102C64BE96007ACD95 /* Frameworks */ = {
			isa = PBXGroup;
			children = (
			);
			name = Frameworks;
			sourceTree = "<group>";
		};
/* End PBXGroup section */

/* Begin PBXNativeTarget section */
		8D8480FC2C64BDF2007ACD95 /* ADSBDecode_release */ = {
			isa = PBXNativeTarget;
			buildConfigurationList = 8D84810C2C64BDF4007ACD95 /* Build configuration list for PBXNativeTarget "ADSBDecode_release" */;
			buildPhases = (
				8D8480F92C64BDF2007ACD95 /* Sources */,
				8D8480FA2C64BDF2007ACD95 /* Frameworks */,
				8D8480FB2C64BDF2007ACD95 /* Resources */,
			);
			buildRules = (
			);
			dependencies = (
			);
			name = ADSBDecode_release;
			packageProductDependencies = (
				8D8481112C64BE96007ACD95 /* Collections */,
				8D8481162C64BF49007ACD95 /* NIO */,
				8D84811F2C64BF95007ACD95 /* ArgumentParser */,
			);
			productName = ADSBDecode_release;
			productReference = 8D8480FD2C64BDF2007ACD95 /* ADSBDecode_release.app */;
			productType = "com.apple.product-type.application";
		};
/* End PBXNativeTarget section */

/* Begin PBXProject section */
		8D8480F52C64BDF2007ACD95 /* Project object */ = {
			isa = PBXProject;
			attributes = {
				BuildIndependentTargetsInParallel = 1;
				LastSwiftUpdateCheck = 1540;
				LastUpgradeCheck = 1540;
				TargetAttributes = {
					8D8480FC2C64BDF2007ACD95 = {
						CreatedOnToolsVersion = 15.4;
					};
				};
			};
			buildConfigurationList = 8D8480F82C64BDF2007ACD95 /* Build configuration list for PBXProject "ADSBDecode_release" */;
			compatibilityVersion = "Xcode 14.0";
			developmentRegion = en;
			hasScannedForEncodings = 0;
			knownRegions = (
				en,
				Base,
			);
			mainGroup = 8D8480F42C64BDF2007ACD95;
			packageReferences = (
				8D84810F2C64BE90007ACD95 /* XCRemoteSwiftPackageReference "swift-collections" */,
				8D8481152C64BF20007ACD95 /* XCRemoteSwiftPackageReference "swift-nio" */,
				8D84811E2C64BF95007ACD95 /* XCRemoteSwiftPackageReference "swift-argument-parser" */,
			);
			productRefGroup = 8D8480FE2C64BDF2007ACD95 /* Products */;
			projectDirPath = "";
			projectRoot = "";
			targets = (
				8D8480FC2C64BDF2007ACD95 /* ADSBDecode_release */,
			);
		};
/* End PBXProject section */

/* Begin PBXResourcesBuildPhase section */
		8D8480FB2C64BDF2007ACD95 /* Resources */ = {
			isa = PBXResourcesBuildPhase;
			buildActionMask = 2147483647;
			files = (
				8D1518142C67722600B96513 /* release_0.0.9.png in Resources */,
				8D8481082C64BDF4007ACD95 /* Preview Assets.xcassets in Resources */,
				8D8481052C64BDF4007ACD95 /* Assets.xcassets in Resources */,
			);
			runOnlyForDeploymentPostprocessing = 0;
		};
/* End PBXResourcesBuildPhase section */

/* Begin PBXSourcesBuildPhase section */
		8D8480F92C64BDF2007ACD95 /* Sources */ = {
			isa = PBXSourcesBuildPhase;
			buildActionMask = 2147483647;
			files = (
				8D8481282C64BFDC007ACD95 /* AirplaneTracker.swift in Sources */,
				8D8481262C64BFC6007ACD95 /* ADSBFileRunner.swift in Sources */,
				8D8481242C64BFC6007ACD95 /* ADSBNetRunner.swift in Sources */,
				8D8481032C64BDF2007ACD95 /* ContentView.swift in Sources */,
				8D84811D2C64BF68007ACD95 /* NetworkConfigure.swift in Sources */,
				8D8481142C64BEE0007ACD95 /* NetADSBDecoder.swift in Sources */,
				8D84811B2C64BF68007ACD95 /* FlighState.swift in Sources */,
				8D84811C2C64BF68007ACD95 /* NetConfigView.swift in Sources */,
				8D84812A2C64BFEE007ACD95 /* PositionDecoder.swift in Sources */,
				8D8481012C64BDF2007ACD95 /* ADSBDecode_releaseApp.swift in Sources */,
				8D84812E2C64C018007ACD95 /* ADSBRegEx.swift in Sources */,
				8D8481252C64BFC6007ACD95 /* ADSBDataQueue.swift in Sources */,
				8D84812C2C64BFFF007ACD95 /* Utils.swift in Sources */,
				8D8481322C64C081007ACD95 /* Decoder.swift in Sources */,
				8D8481302C64C069007ACD95 /* Configs.swift in Sources */,
			);
			runOnlyForDeploymentPostprocessing = 0;
		};
/* End PBXSourcesBuildPhase section */

/* Begin XCBuildConfiguration section */
		8D84810A2C64BDF4007ACD95 /* Debug */ = {
			isa = XCBuildConfiguration;
			buildSettings = {
				ALWAYS_SEARCH_USER_PATHS = NO;
				ASSETCATALOG_COMPILER_GENERATE_SWIFT_ASSET_SYMBOL_EXTENSIONS = YES;
				CLANG_ANALYZER_NONNULL = YES;
				CLANG_ANALYZER_NUMBER_OBJECT_CONVERSION = YES_AGGRESSIVE;
				CLANG_CXX_LANGUAGE_STANDARD = "gnu++20";
				CLANG_ENABLE_MODULES = YES;
				CLANG_ENABLE_OBJC_ARC = YES;
				CLANG_ENABLE_OBJC_WEAK = YES;
				CLANG_WARN_BLOCK_CAPTURE_AUTORELEASING = YES;
				CLANG_WARN_BOOL_CONVERSION = YES;
				CLANG_WARN_COMMA = YES;
				CLANG_WARN_CONSTANT_CONVERSION = YES;
				CLANG_WARN_DEPRECATED_OBJC_IMPLEMENTATIONS = YES;
				CLANG_WARN_DIRECT_OBJC_ISA_USAGE = YES_ERROR;
				CLANG_WARN_DOCUMENTATION_COMMENTS = YES;
				CLANG_WARN_EMPTY_BODY = YES;
				CLANG_WARN_ENUM_CONVERSION = YES;
				CLANG_WARN_INFINITE_RECURSION = YES;
				CLANG_WARN_INT_CONVERSION = YES;
				CLANG_WARN_NON_LITERAL_NULL_CONVERSION = YES;
				CLANG_WARN_OBJC_IMPLICIT_RETAIN_SELF = YES;
				CLANG_WARN_OBJC_LITERAL_CONVERSION = YES;
				CLANG_WARN_OBJC_ROOT_CLASS = YES_ERROR;
				CLANG_WARN_QUOTED_INCLUDE_IN_FRAMEWORK_HEADER = YES;
				CLANG_WARN_RANGE_LOOP_ANALYSIS = YES;
				CLANG_WARN_STRICT_PROTOTYPES = YES;
				CLANG_WARN_SUSPICIOUS_MOVE = YES;
				CLANG_WARN_UNGUARDED_AVAILABILITY = YES_AGGRESSIVE;
				CLANG_WARN_UNREACHABLE_CODE = YES;
				CLANG_WARN__DUPLICATE_METHOD_MATCH = YES;
				COPY_PHASE_STRIP = NO;
				DEBUG_INFORMATION_FORMAT = dwarf;
				ENABLE_STRICT_OBJC_MSGSEND = YES;
				ENABLE_TESTABILITY = YES;
				ENABLE_USER_SCRIPT_SANDBOXING = YES;
				GCC_C_LANGUAGE_STANDARD = gnu17;
				GCC_DYNAMIC_NO_PIC = NO;
				GCC_NO_COMMON_BLOCKS = YES;
				GCC_OPTIMIZATION_LEVEL = 0;
				GCC_PREPROCESSOR_DEFINITIONS = (
					"DEBUG=1",
					"$(inherited)",
				);
				GCC_WARN_64_TO_32_BIT_CONVERSION = YES;
				GCC_WARN_ABOUT_RETURN_TYPE = YES_ERROR;
				GCC_WARN_UNDECLARED_SELECTOR = YES;
				GCC_WARN_UNINITIALIZED_AUTOS = YES_AGGRESSIVE;
				GCC_WARN_UNUSED_FUNCTION = YES;
				GCC_WARN_UNUSED_VARIABLE = YES;
				LOCALIZATION_PREFERS_STRING_CATALOGS = YES;
				MACOSX_DEPLOYMENT_TARGET = 14.5;
				MTL_ENABLE_DEBUG_INFO = INCLUDE_SOURCE;
				MTL_FAST_MATH = YES;
				ONLY_ACTIVE_ARCH = YES;
				SDKROOT = macosx;
				SWIFT_ACTIVE_COMPILATION_CONDITIONS = "DEBUG $(inherited)";
				SWIFT_OPTIMIZATION_LEVEL = "-Onone";
			};
			name = Debug;
		};
		8D84810B2C64BDF4007ACD95 /* Release */ = {
			isa = XCBuildConfiguration;
			buildSettings = {
				ALWAYS_SEARCH_USER_PATHS = NO;
				ASSETCATALOG_COMPILER_GENERATE_SWIFT_ASSET_SYMBOL_EXTENSIONS = YES;
				CLANG_ANALYZER_NONNULL = YES;
				CLANG_ANALYZER_NUMBER_OBJECT_CONVERSION = YES_AGGRESSIVE;
				CLANG_CXX_LANGUAGE_STANDARD = "gnu++20";
				CLANG_ENABLE_MODULES = YES;
				CLANG_ENABLE_OBJC_ARC = YES;
				CLANG_ENABLE_OBJC_WEAK = YES;
				CLANG_WARN_BLOCK_CAPTURE_AUTORELEASING = YES;
				CLANG_WARN_BOOL_CONVERSION = YES;
				CLANG_WARN_COMMA = YES;
				CLANG_WARN_CONSTANT_CONVERSION = YES;
				CLANG_WARN_DEPRECATED_OBJC_IMPLEMENTATIONS = YES;
				CLANG_WARN_DIRECT_OBJC_ISA_USAGE = YES_ERROR;
				CLANG_WARN_DOCUMENTATION_COMMENTS = YES;
				CLANG_WARN_EMPTY_BODY = YES;
				CLANG_WARN_ENUM_CONVERSION = YES;
				CLANG_WARN_INFINITE_RECURSION = YES;
				CLANG_WARN_INT_CONVERSION = YES;
				CLANG_WARN_NON_LITERAL_NULL_CONVERSION = YES;
				CLANG_WARN_OBJC_IMPLICIT_RETAIN_SELF = YES;
				CLANG_WARN_OBJC_LITERAL_CONVERSION = YES;
				CLANG_WARN_OBJC_ROOT_CLASS = YES_ERROR;
				CLANG_WARN_QUOTED_INCLUDE_IN_FRAMEWORK_HEADER = YES;
				CLANG_WARN_RANGE_LOOP_ANALYSIS = YES;
				CLANG_WARN_STRICT_PROTOTYPES = YES;
				CLANG_WARN_SUSPICIOUS_MOVE = YES;
				CLANG_WARN_UNGUARDED_AVAILABILITY = YES_AGGRESSIVE;
				CLANG_WARN_UNREACHABLE_CODE = YES;
				CLANG_WARN__DUPLICATE_METHOD_MATCH = YES;
				COPY_PHASE_STRIP = NO;
				DEBUG_INFORMATION_FORMAT = "dwarf-with-dsym";
				ENABLE_NS_ASSERTIONS = NO;
				ENABLE_STRICT_OBJC_MSGSEND = YES;
				ENABLE_USER_SCRIPT_SANDBOXING = YES;
				GCC_C_LANGUAGE_STANDARD = gnu17;
				GCC_NO_COMMON_BLOCKS = YES;
				GCC_WARN_64_TO_32_BIT_CONVERSION = YES;
				GCC_WARN_ABOUT_RETURN_TYPE = YES_ERROR;
				GCC_WARN_UNDECLARED_SELECTOR = YES;
				GCC_WARN_UNINITIALIZED_AUTOS = YES_AGGRESSIVE;
				GCC_WARN_UNUSED_FUNCTION = YES;
				GCC_WARN_UNUSED_VARIABLE = YES;
				LOCALIZATION_PREFERS_STRING_CATALOGS = YES;
				MACOSX_DEPLOYMENT_TARGET = 14.5;
				MTL_ENABLE_DEBUG_INFO = NO;
				MTL_FAST_MATH = YES;
				SDKROOT = macosx;
				SWIFT_COMPILATION_MODE = wholemodule;
			};
			name = Release;
		};
		8D84810D2C64BDF4007ACD95 /* Debug */ = {
			isa = XCBuildConfiguration;
			buildSettings = {
				ASSETCATALOG_COMPILER_APPICON_NAME = AppIcon;
				ASSETCATALOG_COMPILER_GLOBAL_ACCENT_COLOR_NAME = AccentColor;
				CODE_SIGN_ENTITLEMENTS = ADSBDecode_release/ADSBDecode_release.entitlements;
				CODE_SIGN_STYLE = Automatic;
				COMBINE_HIDPI_IMAGES = YES;
				CURRENT_PROJECT_VERSION = 1;
				DEVELOPMENT_ASSET_PATHS = "\"ADSBDecode_release/Preview Content\"";
				DEVELOPMENT_TEAM = 53B26AJZ4Z;
				ENABLE_HARDENED_RUNTIME = YES;
				ENABLE_PREVIEWS = YES;
				GENERATE_INFOPLIST_FILE = YES;
				INFOPLIST_KEY_NSHumanReadableCopyright = "";
				LD_RUNPATH_SEARCH_PATHS = (
					"$(inherited)",
					"@executable_path/../Frameworks",
				);
				MARKETING_VERSION = 1.0;
				PRODUCT_BUNDLE_IDENTIFIER = "RadioTeam.ADSBDecode-release";
				PRODUCT_NAME = "$(TARGET_NAME)";
				SWIFT_EMIT_LOC_STRINGS = YES;
				SWIFT_VERSION = 5.0;
			};
			name = Debug;
		};
		8D84810E2C64BDF4007ACD95 /* Release */ = {
			isa = XCBuildConfiguration;
			buildSettings = {
				ASSETCATALOG_COMPILER_APPICON_NAME = AppIcon;
				ASSETCATALOG_COMPILER_GLOBAL_ACCENT_COLOR_NAME = AccentColor;
				CODE_SIGN_ENTITLEMENTS = ADSBDecode_release/ADSBDecode_release.entitlements;
				CODE_SIGN_STYLE = Automatic;
				COMBINE_HIDPI_IMAGES = YES;
				CURRENT_PROJECT_VERSION = 1;
				DEVELOPMENT_ASSET_PATHS = "\"ADSBDecode_release/Preview Content\"";
				DEVELOPMENT_TEAM = 53B26AJZ4Z;
				ENABLE_HARDENED_RUNTIME = YES;
				ENABLE_PREVIEWS = YES;
				GENERATE_INFOPLIST_FILE = YES;
				INFOPLIST_KEY_NSHumanReadableCopyright = "";
				LD_RUNPATH_SEARCH_PATHS = (
					"$(inherited)",
					"@executable_path/../Frameworks",
				);
				MARKETING_VERSION = 1.0;
				PRODUCT_BUNDLE_IDENTIFIER = "RadioTeam.ADSBDecode-release";
				PRODUCT_NAME = "$(TARGET_NAME)";
				SWIFT_EMIT_LOC_STRINGS = YES;
				SWIFT_VERSION = 5.0;
			};
			name = Release;
		};
/* End XCBuildConfiguration section */

/* Begin XCConfigurationList section */
		8D8480F82C64BDF2007ACD95 /* Build configuration list for PBXProject "ADSBDecode_release" */ = {
			isa = XCConfigurationList;
			buildConfigurations = (
				8D84810A2C64BDF4007ACD95 /* Debug */,
				8D84810B2C64BDF4007ACD95 /* Release */,
			);
			defaultConfigurationIsVisible = 0;
			defaultConfigurationName = Release;
		};
		8D84810C2C64BDF4007ACD95 /* Build configuration list for PBXNativeTarget "ADSBDecode_release" */ = {
			isa = XCConfigurationList;
			buildConfigurations = (
				8D84810D2C64BDF4007ACD95 /* Debug */,
				8D84810E2C64BDF4007ACD95 /* Release */,
			);
			defaultConfigurationIsVisible = 0;
			defaultConfigurationName = Release;
		};
/* End XCConfigurationList section */

/* Begin XCRemoteSwiftPackageReference section */
		8D84810F2C64BE90007ACD95 /* XCRemoteSwiftPackageReference "swift-collections" */ = {
			isa = XCRemoteSwiftPackageReference;
			repositoryURL = "https://github.com/apple/swift-collections.git";
			requirement = {
				kind = upToNextMajorVersion;
				minimumVersion = 1.1.2;
			};
		};
		8D8481152C64BF20007ACD95 /* XCRemoteSwiftPackageReference "swift-nio" */ = {
			isa = XCRemoteSwiftPackageReference;
			repositoryURL = "https://github.com/apple/swift-nio.git";
			requirement = {
				kind = upToNextMajorVersion;
				minimumVersion = 2.70.0;
			};
		};
		8D84811E2C64BF95007ACD95 /* XCRemoteSwiftPackageReference "swift-argument-parser" */ = {
			isa = XCRemoteSwiftPackageReference;
			repositoryURL = "https://github.com/apple/swift-argument-parser.git";
			requirement = {
				kind = upToNextMajorVersion;
				minimumVersion = 1.5.0;
			};
		};
/* End XCRemoteSwiftPackageReference section */

/* Begin XCSwiftPackageProductDependency section */
		8D8481112C64BE96007ACD95 /* Collections */ = {
			isa = XCSwiftPackageProductDependency;
			package = 8D84810F2C64BE90007ACD95 /* XCRemoteSwiftPackageReference "swift-collections" */;
			productName = Collections;
		};
		8D8481162C64BF49007ACD95 /* NIO */ = {
			isa = XCSwiftPackageProductDependency;
			package = 8D8481152C64BF20007ACD95 /* XCRemoteSwiftPackageReference "swift-nio" */;
			productName = NIO;
		};
		8D84811F2C64BF95007ACD95 /* ArgumentParser */ = {
			isa = XCSwiftPackageProductDependency;
			package = 8D84811E2C64BF95007ACD95 /* XCRemoteSwiftPackageReference "swift-argument-parser" */;
			productName = ArgumentParser;
		};
/* End XCSwiftPackageProductDependency section */
	};
	rootObject = 8D8480F52C64BDF2007ACD95 /* Project object */;
}
